
Microsoft Visual Studio Solution File, Format Version 12.00
# Visual Studio Version 17
VisualStudioVersion = 17.0.31903.59
MinimumVisualStudioVersion = 10.0.40219.1
Project("{2150E333-8FDC-42A3-9474-1A3956D46DE8}") = "apps", "apps", "{49EC1D48-4826-4BE9-B3DD-E2B367C3BE0D}"
EndProject
Project("{FAE04EC0-301F-11D3-BF4B-00C04F79EFBC}") = "be", "apps\be\be.csproj", "{859AD0E0-F8BA-42AF-BA25-1233DCC339A1}"
EndProject
Global
	GlobalSection(SolutionConfigurationPlatforms) = preSolution
		Debug|Any CPU = Debug|Any CPU
		Release|Any CPU = Release|Any CPU
	EndGlobalSection
	GlobalSection(SolutionProperties) = preSolution
		HideSolutionNode = FALSE
	EndGlobalSection
	GlobalSection(ProjectConfigurationPlatforms) = postSolution
		{859AD0E0-F8BA-42AF-BA25-1233DCC339A1}.Debug|Any CPU.ActiveCfg = Debug|Any CPU
		{859AD0E0-F8BA-42AF-BA25-1233DCC339A1}.Debug|Any CPU.Build.0 = Debug|Any CPU
		{859AD0E0-F8BA-42AF-BA25-1233DCC339A1}.Release|Any CPU.ActiveCfg = Release|Any CPU
		{859AD0E0-F8BA-42AF-BA25-1233DCC339A1}.Release|Any CPU.Build.0 = Release|Any CPU
	EndGlobalSection
	GlobalSection(NestedProjects) = preSolution
		{859AD0E0-F8BA-42AF-BA25-1233DCC339A1} = {49EC1D48-4826-4BE9-B3DD-E2B367C3BE0D}
	EndGlobalSection
EndGlobal
